{
  "nodes": {
    "home-manager": {
      "inputs": {
        "nixpkgs": [
          "nixpkgs"
        ]
      },
      "locked": {
        "lastModified": 1736372976,
        "narHash": "sha256-lf0ZrawE80dX2WpELoylNmeI9PE9JEE68QhxLxot9yg=",
        "owner": "nix-community",
        "repo": "home-manager",
        "rev": "511143d3fa7bbb5c4323d4e1c5660a03b07a1a58",
        "type": "github"
      },
      "original": {
        "owner": "nix-community",
        "ref": "release-24.11",
        "repo": "home-manager",
        "type": "github"
      }
    },
    "nautilus-scripts": {
      "flake": false,
      "locked": {
        "lastModified": 1727324508,
        "narHash": "sha256-3cEnXQ/t5JTP76QoXlpkqf1zAMUDZm7QJA/5EE07nPo=",
        "owner": "iBurley",
        "repo": "nautilus-scripts",
        "rev": "30c28b19d69dcc2c46b12acdb51fa5bae518659a",
        "type": "github"
      },
      "original": {
        "owner": "iBurley",
        "repo": "nautilus-scripts",
        "type": "github"
      }
    },
    "nixpkgs": {
      "locked": {
        "lastModified": 1736200483,
        "narHash": "sha256-JO+lFN2HsCwSLMUWXHeOad6QUxOuwe9UOAF/iSl1J4I=",
        "owner": "nixos",
        "repo": "nixpkgs",
        "rev": "3f0a8ac25fb674611b98089ca3a5dd6480175751",
        "type": "github"
      },
      "original": {
        "owner": "nixos",
        "ref": "nixos-24.11",
        "repo": "nixpkgs",
        "type": "github"
      }
    },
    "nixpkgs-unstable": {
      "locked": {
        "lastModified": 1736012469,
        "narHash": "sha256-/qlNWm/IEVVH7GfgAIyP6EsVZI6zjAx1cV5zNyrs+rI=",
        "owner": "nixos",
        "repo": "nixpkgs",
        "rev": "8f3e1f807051e32d8c95cd12b9b421623850a34d",
        "type": "github"
      },
      "original": {
        "owner": "nixos",
        "ref": "nixos-unstable",
        "repo": "nixpkgs",
        "type": "github"
      }
    },
    "root": {
      "inputs": {
        "home-manager": "home-manager",
        "nautilus-scripts": "nautilus-scripts",
        "nixpkgs": "nixpkgs",
        "nixpkgs-unstable": "nixpkgs-unstable"
      }
    }
  },
  "root": "root",
  "version": 7
}
